
Microsoft Visual Studio Solution File, Format Version 12.00
# Visual Studio 2013
VisualStudioVersion = 12.0.31101.0
MinimumVisualStudioVersion = 10.0.40219.1
Project("{888888A0-9F3D-457C-B088-3A5042F75D52}") = "HelloBootstrap", "HelloBootstrap\HelloBootstrap.pyproj", "{FD633D5D-86B3-433C-AEB9-A4448DFF1218}"
EndProject
Project("{FAE04EC0-301F-11D3-BF4B-00C04F79EFBC}") = "BootstrapDemos", "BootstrapDemos\BootstrapDemos.csproj", "{735C23DD-5A87-4A92-A11B-5873F37D2C3C}"
EndProject
Global
	GlobalSection(SolutionConfigurationPlatforms) = preSolution
		Debug|Any CPU = Debug|Any CPU
		Release|Any CPU = Release|Any CPU
	EndGlobalSection
	GlobalSection(ProjectConfigurationPlatforms) = postSolution
		{FD633D5D-86B3-433C-AEB9-A4448DFF1218}.Debug|Any CPU.ActiveCfg = Debug|Any CPU
		{FD633D5D-86B3-433C-AEB9-A4448DFF1218}.Debug|Any CPU.Build.0 = Debug|Any CPU
		{FD633D5D-86B3-433C-AEB9-A4448DFF1218}.Release|Any CPU.ActiveCfg = Release|Any CPU
		{FD633D5D-86B3-433C-AEB9-A4448DFF1218}.Release|Any CPU.Build.0 = Release|Any CPU
		{735C23DD-5A87-4A92-A11B-5873F37D2C3C}.Debug|Any CPU.ActiveCfg = Debug|Any CPU
		{735C23DD-5A87-4A92-A11B-5873F37D2C3C}.Debug|Any CPU.Build.0 = Debug|Any CPU
		{735C23DD-5A87-4A92-A11B-5873F37D2C3C}.Release|Any CPU.ActiveCfg = Release|Any CPU
		{735C23DD-5A87-4A92-A11B-5873F37D2C3C}.Release|Any CPU.Build.0 = Release|Any CPU
	EndGlobalSection
	GlobalSection(SolutionProperties) = preSolution
		HideSolutionNode = FALSE
	EndGlobalSection
EndGlobal
